// !$*UTF8*$!
{
	archiveVersion = 1;
	classes = {
	};
	objectVersion = 56;
	objects = {

/* Begin PBXBuildFile section */
		92026E8E2B7CBA8500B87AAD /* AlienControlSystem.cpp in Sources */ = {isa = PBXBuildFile; fileRef = 92026E8C2B7CBA8500B87AAD /* AlienControlSystem.cpp */; };
		92026E922B7CBFFC00B87AAD /* Random.cpp in Sources */ = {isa = PBXBuildFile; fileRef = 92026E902B7CBFFC00B87AAD /* Random.cpp */; };
		92026E962B7CDED800B87AAD /* ShotCollisionSystem.cpp in Sources */ = {isa = PBXBuildFile; fileRef = 92026E942B7CDED800B87AAD /* ShotCollisionSystem.cpp */; };
		92026E9D2B7CE87600B87AAD /* AnimationSystem.cpp in Sources */ = {isa = PBXBuildFile; fileRef = 92026E9B2B7CE87600B87AAD /* AnimationSystem.cpp */; };
		92026EA02B7D05B200B87AAD /* CollisionBox.cpp in Sources */ = {isa = PBXBuildFile; fileRef = 92026E9F2B7D05B200B87AAD /* CollisionBox.cpp */; };
		92026EA32B7D0A6E00B87AAD /* PlayerCollisionSystem.cpp in Sources */ = {isa = PBXBuildFile; fileRef = 92026EA12B7D0A6E00B87AAD /* PlayerCollisionSystem.cpp */; };
		92188BAD2B739C040087E7E1 /* SpriteRenderer.cpp in Sources */ = {isa = PBXBuildFile; fileRef = 92188BAB2B739C040087E7E1 /* SpriteRenderer.cpp */; };
		92188BB22B73B0420087E7E1 /* PlayerControlSystem.cpp in Sources */ = {isa = PBXBuildFile; fileRef = 92188BB02B73B0420087E7E1 /* PlayerControlSystem.cpp */; };
		92188BB52B73BFF00087E7E1 /* LocalPlayerSystem.cpp in Sources */ = {isa = PBXBuildFile; fileRef = 92188BB32B73BFF00087E7E1 /* LocalPlayerSystem.cpp */; };
		92188BB92B73CB410087E7E1 /* AutoScrollSystem.cpp in Sources */ = {isa = PBXBuildFile; fileRef = 92188BB72B73CB410087E7E1 /* AutoScrollSystem.cpp */; };
		92188BC02B73D67E0087E7E1 /* BackgroundFactory.cpp in Sources */ = {isa = PBXBuildFile; fileRef = 92188BBE2B73D67E0087E7E1 /* BackgroundFactory.cpp */; };
		92188BC32B73D9B00087E7E1 /* SpriteFactory.cpp in Sources */ = {isa = PBXBuildFile; fileRef = 92188BC12B73D9B00087E7E1 /* SpriteFactory.cpp */; };
		92188BCF2B77C3600087E7E1 /* MoveSystem.cpp in Sources */ = {isa = PBXBuildFile; fileRef = 92188BCD2B77C3600087E7E1 /* MoveSystem.cpp */; };
		923C8F3A2B7E7D6A00FA0FBC /* Font.cpp in Sources */ = {isa = PBXBuildFile; fileRef = 923C8F382B7E7D6A00FA0FBC /* Font.cpp */; };
		924251572B6E69D800137C60 /* Scene.cpp in Sources */ = {isa = PBXBuildFile; fileRef = 924251552B6E69D800137C60 /* Scene.cpp */; };
		92473F342B83C0530012AFCB /* UIFactory.cpp in Sources */ = {isa = PBXBuildFile; fileRef = 92473F322B83C0530012AFCB /* UIFactory.cpp */; };
		9259444E2B64201000611F0D /* SDL2_image.framework in Frameworks */ = {isa = PBXBuildFile; fileRef = 9259444D2B64201000611F0D /* SDL2_image.framework */; };
		9259444F2B64201000611F0D /* SDL2_image.framework in Embed Frameworks */ = {isa = PBXBuildFile; fileRef = 9259444D2B64201000611F0D /* SDL2_image.framework */; settings = {ATTRIBUTES = (CodeSignOnCopy, RemoveHeadersOnCopy, ); }; };
		925944512B64206F00611F0D /* SDL2_mixer.framework in Frameworks */ = {isa = PBXBuildFile; fileRef = 925944502B64206F00611F0D /* SDL2_mixer.framework */; };
		925944522B64206F00611F0D /* SDL2_mixer.framework in Embed Frameworks */ = {isa = PBXBuildFile; fileRef = 925944502B64206F00611F0D /* SDL2_mixer.framework */; settings = {ATTRIBUTES = (CodeSignOnCopy, RemoveHeadersOnCopy, ); }; };
		925944542B64283300611F0D /* Audio in Resources */ = {isa = PBXBuildFile; fileRef = 925944532B64283300611F0D /* Audio */; };
		927797EC2B669B9A009F8E2B /* SpriteAtlas.cpp in Sources */ = {isa = PBXBuildFile; fileRef = 927797EA2B669B9A009F8E2B /* SpriteAtlas.cpp */; };
		928F356F2B86189900E20823 /* Music.cpp in Sources */ = {isa = PBXBuildFile; fileRef = 928F356D2B86189900E20823 /* Music.cpp */; };
		928F35732B86401C00E20823 /* GameScene.cpp in Sources */ = {isa = PBXBuildFile; fileRef = 928F35712B86401C00E20823 /* GameScene.cpp */; };
		928F35792B8648C700E20823 /* SceneManager.cpp in Sources */ = {isa = PBXBuildFile; fileRef = 928F35772B8648C700E20823 /* SceneManager.cpp */; };
		928F357C2B86535900E20823 /* TitleScene.cpp in Sources */ = {isa = PBXBuildFile; fileRef = 928F357A2B86535900E20823 /* TitleScene.cpp */; };
		9293DB532B8013C800409AC8 /* LabelRenderer.cpp in Sources */ = {isa = PBXBuildFile; fileRef = 9293DB512B8013C800409AC8 /* LabelRenderer.cpp */; };
		92B21A362B64044100B033E2 /* Assets.xcassets in Resources */ = {isa = PBXBuildFile; fileRef = 92B21A352B64044100B033E2 /* Assets.xcassets */; };
		92B21A432B64065000B033E2 /* main.cpp in Sources */ = {isa = PBXBuildFile; fileRef = 92B21A422B64064F00B033E2 /* main.cpp */; };
		92B21A462B6406B700B033E2 /* SDL2.framework in Frameworks */ = {isa = PBXBuildFile; fileRef = 92B21A452B6406B700B033E2 /* SDL2.framework */; };
		92B21A472B6406B700B033E2 /* SDL2.framework in Embed Frameworks */ = {isa = PBXBuildFile; fileRef = 92B21A452B6406B700B033E2 /* SDL2.framework */; settings = {ATTRIBUTES = (CodeSignOnCopy, RemoveHeadersOnCopy, ); }; };
		92B21A4A2B6408E100B033E2 /* Textures in Resources */ = {isa = PBXBuildFile; fileRef = 92B21A492B6408E100B033E2 /* Textures */; };
/* End PBXBuildFile section */

/* Begin PBXCopyFilesBuildPhase section */
		92B21A482B6406B700B033E2 /* Embed Frameworks */ = {
			isa = PBXCopyFilesBuildPhase;
			buildActionMask = 2147483647;
			dstPath = "";
			dstSubfolderSpec = 10;
			files = (
				925944522B64206F00611F0D /* SDL2_mixer.framework in Embed Frameworks */,
				92B21A472B6406B700B033E2 /* SDL2.framework in Embed Frameworks */,
				9259444F2B64201000611F0D /* SDL2_image.framework in Embed Frameworks */,
			);
			name = "Embed Frameworks";
			runOnlyForDeploymentPostprocessing = 0;
		};
/* End PBXCopyFilesBuildPhase section */

/* Begin PBXFileReference section */
		92026E8A2B7CB66600B87AAD /* PlayerStatus.hpp */ = {isa = PBXFileReference; lastKnownFileType = sourcecode.cpp.h; path = PlayerStatus.hpp; sourceTree = "<group>"; };
		92026E8B2B7CB87A00B87AAD /* AlienStatus.hpp */ = {isa = PBXFileReference; lastKnownFileType = sourcecode.cpp.h; path = AlienStatus.hpp; sourceTree = "<group>"; };
		92026E8C2B7CBA8500B87AAD /* AlienControlSystem.cpp */ = {isa = PBXFileReference; lastKnownFileType = sourcecode.cpp.cpp; path = AlienControlSystem.cpp; sourceTree = "<group>"; };
		92026E8D2B7CBA8500B87AAD /* AlienControlSystem.hpp */ = {isa = PBXFileReference; lastKnownFileType = sourcecode.cpp.h; path = AlienControlSystem.hpp; sourceTree = "<group>"; };
		92026E902B7CBFFC00B87AAD /* Random.cpp */ = {isa = PBXFileReference; lastKnownFileType = sourcecode.cpp.cpp; path = Random.cpp; sourceTree = "<group>"; };
		92026E912B7CBFFC00B87AAD /* Random.hpp */ = {isa = PBXFileReference; lastKnownFileType = sourcecode.cpp.h; path = Random.hpp; sourceTree = "<group>"; };
		92026E932B7CD75500B87AAD /* Shootable.hpp */ = {isa = PBXFileReference; lastKnownFileType = sourcecode.cpp.h; path = Shootable.hpp; sourceTree = "<group>"; };
		92026E942B7CDED800B87AAD /* ShotCollisionSystem.cpp */ = {isa = PBXFileReference; lastKnownFileType = sourcecode.cpp.cpp; path = ShotCollisionSystem.cpp; sourceTree = "<group>"; };
		92026E952B7CDED800B87AAD /* ShotCollisionSystem.hpp */ = {isa = PBXFileReference; lastKnownFileType = sourcecode.cpp.h; path = ShotCollisionSystem.hpp; sourceTree = "<group>"; };
		92026E972B7CE04200B87AAD /* Shot.hpp */ = {isa = PBXFileReference; lastKnownFileType = sourcecode.cpp.h; path = Shot.hpp; sourceTree = "<group>"; };
		92026E9A2B7CE6CB00B87AAD /* Animation.hpp */ = {isa = PBXFileReference; lastKnownFileType = sourcecode.cpp.h; path = Animation.hpp; sourceTree = "<group>"; };
		92026E9B2B7CE87600B87AAD /* AnimationSystem.cpp */ = {isa = PBXFileReference; lastKnownFileType = sourcecode.cpp.cpp; path = AnimationSystem.cpp; sourceTree = "<group>"; };
		92026E9C2B7CE87600B87AAD /* AnimationSystem.hpp */ = {isa = PBXFileReference; lastKnownFileType = sourcecode.cpp.h; path = AnimationSystem.hpp; sourceTree = "<group>"; };
		92026E9E2B7D036900B87AAD /* CollisionBox.hpp */ = {isa = PBXFileReference; lastKnownFileType = sourcecode.cpp.h; path = CollisionBox.hpp; sourceTree = "<group>"; };
		92026E9F2B7D05B200B87AAD /* CollisionBox.cpp */ = {isa = PBXFileReference; lastKnownFileType = sourcecode.cpp.cpp; path = CollisionBox.cpp; sourceTree = "<group>"; };
		92026EA12B7D0A6E00B87AAD /* PlayerCollisionSystem.cpp */ = {isa = PBXFileReference; lastKnownFileType = sourcecode.cpp.cpp; path = PlayerCollisionSystem.cpp; sourceTree = "<group>"; };
		92026EA22B7D0A6E00B87AAD /* PlayerCollisionSystem.hpp */ = {isa = PBXFileReference; lastKnownFileType = sourcecode.cpp.h; path = PlayerCollisionSystem.hpp; sourceTree = "<group>"; };
		92188BA92B739A9D0087E7E1 /* Sprite.hpp */ = {isa = PBXFileReference; lastKnownFileType = sourcecode.cpp.h; path = Sprite.hpp; sourceTree = "<group>"; };
		92188BAA2B739B9B0087E7E1 /* Position.hpp */ = {isa = PBXFileReference; lastKnownFileType = sourcecode.cpp.h; path = Position.hpp; sourceTree = "<group>"; };
		92188BAB2B739C040087E7E1 /* SpriteRenderer.cpp */ = {isa = PBXFileReference; lastKnownFileType = sourcecode.cpp.cpp; path = SpriteRenderer.cpp; sourceTree = "<group>"; };
		92188BAC2B739C040087E7E1 /* SpriteRenderer.hpp */ = {isa = PBXFileReference; lastKnownFileType = sourcecode.cpp.h; path = SpriteRenderer.hpp; sourceTree = "<group>"; };
		92188BAE2B73A8E40087E7E1 /* PlayerInput.hpp */ = {isa = PBXFileReference; lastKnownFileType = sourcecode.cpp.h; path = PlayerInput.hpp; sourceTree = "<group>"; };
		92188BAF2B73AF6E0087E7E1 /* LocalPlayer.hpp */ = {isa = PBXFileReference; lastKnownFileType = sourcecode.cpp.h; path = LocalPlayer.hpp; sourceTree = "<group>"; };
		92188BB02B73B0420087E7E1 /* PlayerControlSystem.cpp */ = {isa = PBXFileReference; lastKnownFileType = sourcecode.cpp.cpp; path = PlayerControlSystem.cpp; sourceTree = "<group>"; };
		92188BB12B73B0420087E7E1 /* PlayerControlSystem.hpp */ = {isa = PBXFileReference; lastKnownFileType = sourcecode.cpp.h; path = PlayerControlSystem.hpp; sourceTree = "<group>"; };
		92188BB32B73BFF00087E7E1 /* LocalPlayerSystem.cpp */ = {isa = PBXFileReference; lastKnownFileType = sourcecode.cpp.cpp; path = LocalPlayerSystem.cpp; sourceTree = "<group>"; };
		92188BB42B73BFF00087E7E1 /* LocalPlayerSystem.hpp */ = {isa = PBXFileReference; lastKnownFileType = sourcecode.cpp.h; path = LocalPlayerSystem.hpp; sourceTree = "<group>"; };
		92188BB62B73CABD0087E7E1 /* AutoScroll.hpp */ = {isa = PBXFileReference; lastKnownFileType = sourcecode.cpp.h; path = AutoScroll.hpp; sourceTree = "<group>"; };
		92188BB72B73CB410087E7E1 /* AutoScrollSystem.cpp */ = {isa = PBXFileReference; lastKnownFileType = sourcecode.cpp.cpp; path = AutoScrollSystem.cpp; sourceTree = "<group>"; };
		92188BB82B73CB410087E7E1 /* AutoScrollSystem.hpp */ = {isa = PBXFileReference; lastKnownFileType = sourcecode.cpp.h; path = AutoScrollSystem.hpp; sourceTree = "<group>"; };
		92188BBB2B73D5760087E7E1 /* json.hpp */ = {isa = PBXFileReference; fileEncoding = 4; lastKnownFileType = sourcecode.cpp.h; path = json.hpp; sourceTree = "<group>"; };
		92188BBC2B73D5760087E7E1 /* json_fwd.hpp */ = {isa = PBXFileReference; fileEncoding = 4; lastKnownFileType = sourcecode.cpp.h; path = json_fwd.hpp; sourceTree = "<group>"; };
		92188BBE2B73D67E0087E7E1 /* BackgroundFactory.cpp */ = {isa = PBXFileReference; lastKnownFileType = sourcecode.cpp.cpp; path = BackgroundFactory.cpp; sourceTree = "<group>"; };
		92188BBF2B73D67E0087E7E1 /* BackgroundFactory.hpp */ = {isa = PBXFileReference; lastKnownFileType = sourcecode.cpp.h; path = BackgroundFactory.hpp; sourceTree = "<group>"; };
		92188BC12B73D9B00087E7E1 /* SpriteFactory.cpp */ = {isa = PBXFileReference; lastKnownFileType = sourcecode.cpp.cpp; path = SpriteFactory.cpp; sourceTree = "<group>"; };
		92188BC22B73D9B00087E7E1 /* SpriteFactory.hpp */ = {isa = PBXFileReference; lastKnownFileType = sourcecode.cpp.h; path = SpriteFactory.hpp; sourceTree = "<group>"; };
		92188BCC2B77C2F00087E7E1 /* MoveDirection.hpp */ = {isa = PBXFileReference; lastKnownFileType = sourcecode.cpp.h; path = MoveDirection.hpp; sourceTree = "<group>"; };
		92188BCD2B77C3600087E7E1 /* MoveSystem.cpp */ = {isa = PBXFileReference; lastKnownFileType = sourcecode.cpp.cpp; path = MoveSystem.cpp; sourceTree = "<group>"; };
		92188BCE2B77C3600087E7E1 /* MoveSystem.hpp */ = {isa = PBXFileReference; lastKnownFileType = sourcecode.cpp.h; path = MoveSystem.hpp; sourceTree = "<group>"; };
		921DD2B02B65105A007FB6BC /* locator.hpp */ = {isa = PBXFileReference; fileEncoding = 4; lastKnownFileType = sourcecode.cpp.h; path = locator.hpp; sourceTree = "<group>"; };
		921DD2B22B65105A007FB6BC /* hashed_string.hpp */ = {isa = PBXFileReference; fileEncoding = 4; lastKnownFileType = sourcecode.cpp.h; path = hashed_string.hpp; sourceTree = "<group>"; };
		921DD2B32B65105A007FB6BC /* utility.hpp */ = {isa = PBXFileReference; fileEncoding = 4; lastKnownFileType = sourcecode.cpp.h; path = utility.hpp; sourceTree = "<group>"; };
		921DD2B42B65105A007FB6BC /* fwd.hpp */ = {isa = PBXFileReference; fileEncoding = 4; lastKnownFileType = sourcecode.cpp.h; path = fwd.hpp; sourceTree = "<group>"; };
		921DD2B52B65105A007FB6BC /* monostate.hpp */ = {isa = PBXFileReference; fileEncoding = 4; lastKnownFileType = sourcecode.cpp.h; path = monostate.hpp; sourceTree = "<group>"; };
		921DD2B62B65105A007FB6BC /* family.hpp */ = {isa = PBXFileReference; fileEncoding = 4; lastKnownFileType = sourcecode.cpp.h; path = family.hpp; sourceTree = "<group>"; };
		921DD2B72B65105A007FB6BC /* enum.hpp */ = {isa = PBXFileReference; fileEncoding = 4; lastKnownFileType = sourcecode.cpp.h; path = enum.hpp; sourceTree = "<group>"; };
		921DD2B82B65105A007FB6BC /* algorithm.hpp */ = {isa = PBXFileReference; fileEncoding = 4; lastKnownFileType = sourcecode.cpp.h; path = algorithm.hpp; sourceTree = "<group>"; };
		921DD2B92B65105A007FB6BC /* tuple.hpp */ = {isa = PBXFileReference; fileEncoding = 4; lastKnownFileType = sourcecode.cpp.h; path = tuple.hpp; sourceTree = "<group>"; };
		921DD2BA2B65105A007FB6BC /* type_traits.hpp */ = {isa = PBXFileReference; fileEncoding = 4; lastKnownFileType = sourcecode.cpp.h; path = type_traits.hpp; sourceTree = "<group>"; };
		921DD2BB2B65105A007FB6BC /* any.hpp */ = {isa = PBXFileReference; fileEncoding = 4; lastKnownFileType = sourcecode.cpp.h; path = any.hpp; sourceTree = "<group>"; };
		921DD2BC2B65105A007FB6BC /* ident.hpp */ = {isa = PBXFileReference; fileEncoding = 4; lastKnownFileType = sourcecode.cpp.h; path = ident.hpp; sourceTree = "<group>"; };
		921DD2BD2B65105A007FB6BC /* memory.hpp */ = {isa = PBXFileReference; fileEncoding = 4; lastKnownFileType = sourcecode.cpp.h; path = memory.hpp; sourceTree = "<group>"; };
		921DD2BE2B65105A007FB6BC /* compressed_pair.hpp */ = {isa = PBXFileReference; fileEncoding = 4; lastKnownFileType = sourcecode.cpp.h; path = compressed_pair.hpp; sourceTree = "<group>"; };
		921DD2BF2B65105A007FB6BC /* attribute.h */ = {isa = PBXFileReference; fileEncoding = 4; lastKnownFileType = sourcecode.c.h; path = attribute.h; sourceTree = "<group>"; };
		921DD2C02B65105A007FB6BC /* type_info.hpp */ = {isa = PBXFileReference; fileEncoding = 4; lastKnownFileType = sourcecode.cpp.h; path = type_info.hpp; sourceTree = "<group>"; };
		921DD2C12B65105A007FB6BC /* iterator.hpp */ = {isa = PBXFileReference; fileEncoding = 4; lastKnownFileType = sourcecode.cpp.h; path = iterator.hpp; sourceTree = "<group>"; };
		921DD2C22B65105A007FB6BC /* fwd.hpp */ = {isa = PBXFileReference; fileEncoding = 4; lastKnownFileType = sourcecode.cpp.h; path = fwd.hpp; sourceTree = "<group>"; };
		921DD2C42B65105A007FB6BC /* version.h */ = {isa = PBXFileReference; fileEncoding = 4; lastKnownFileType = sourcecode.c.h; path = version.h; sourceTree = "<group>"; };
		921DD2C52B65105A007FB6BC /* config.h */ = {isa = PBXFileReference; fileEncoding = 4; lastKnownFileType = sourcecode.c.h; path = config.h; sourceTree = "<group>"; };
		921DD2C62B65105A007FB6BC /* macro.h */ = {isa = PBXFileReference; fileEncoding = 4; lastKnownFileType = sourcecode.c.h; path = macro.h; sourceTree = "<group>"; };
		921DD2C82B65105A007FB6BC /* sparse_set.hpp */ = {isa = PBXFileReference; fileEncoding = 4; lastKnownFileType = sourcecode.cpp.h; path = sparse_set.hpp; sourceTree = "<group>"; };
		921DD2C92B65105A007FB6BC /* group.hpp */ = {isa = PBXFileReference; fileEncoding = 4; lastKnownFileType = sourcecode.cpp.h; path = group.hpp; sourceTree = "<group>"; };
		921DD2CA2B65105A007FB6BC /* fwd.hpp */ = {isa = PBXFileReference; fileEncoding = 4; lastKnownFileType = sourcecode.cpp.h; path = fwd.hpp; sourceTree = "<group>"; };
		921DD2CB2B65105A007FB6BC /* runtime_view.hpp */ = {isa = PBXFileReference; fileEncoding = 4; lastKnownFileType = sourcecode.cpp.h; path = runtime_view.hpp; sourceTree = "<group>"; };
		921DD2CC2B65105A007FB6BC /* registry.hpp */ = {isa = PBXFileReference; fileEncoding = 4; lastKnownFileType = sourcecode.cpp.h; path = registry.hpp; sourceTree = "<group>"; };
		921DD2CD2B65105A007FB6BC /* snapshot.hpp */ = {isa = PBXFileReference; fileEncoding = 4; lastKnownFileType = sourcecode.cpp.h; path = snapshot.hpp; sourceTree = "<group>"; };
		921DD2CE2B65105A007FB6BC /* mixin.hpp */ = {isa = PBXFileReference; fileEncoding = 4; lastKnownFileType = sourcecode.cpp.h; path = mixin.hpp; sourceTree = "<group>"; };
		921DD2CF2B65105A007FB6BC /* organizer.hpp */ = {isa = PBXFileReference; fileEncoding = 4; lastKnownFileType = sourcecode.cpp.h; path = organizer.hpp; sourceTree = "<group>"; };
		921DD2D02B65105A007FB6BC /* handle.hpp */ = {isa = PBXFileReference; fileEncoding = 4; lastKnownFileType = sourcecode.cpp.h; path = handle.hpp; sourceTree = "<group>"; };
		921DD2D12B65105A007FB6BC /* component.hpp */ = {isa = PBXFileReference; fileEncoding = 4; lastKnownFileType = sourcecode.cpp.h; path = component.hpp; sourceTree = "<group>"; };
		921DD2D22B65105A007FB6BC /* observer.hpp */ = {isa = PBXFileReference; fileEncoding = 4; lastKnownFileType = sourcecode.cpp.h; path = observer.hpp; sourceTree = "<group>"; };
		921DD2D32B65105A007FB6BC /* helper.hpp */ = {isa = PBXFileReference; fileEncoding = 4; lastKnownFileType = sourcecode.cpp.h; path = helper.hpp; sourceTree = "<group>"; };
		921DD2D42B65105A007FB6BC /* view.hpp */ = {isa = PBXFileReference; fileEncoding = 4; lastKnownFileType = sourcecode.cpp.h; path = view.hpp; sourceTree = "<group>"; };
		921DD2D52B65105A007FB6BC /* storage.hpp */ = {isa = PBXFileReference; fileEncoding = 4; lastKnownFileType = sourcecode.cpp.h; path = storage.hpp; sourceTree = "<group>"; };
		921DD2D62B65105A007FB6BC /* entity.hpp */ = {isa = PBXFileReference; fileEncoding = 4; lastKnownFileType = sourcecode.cpp.h; path = entity.hpp; sourceTree = "<group>"; };
		921DD2D82B65105A007FB6BC /* android-ndk-r17.hpp */ = {isa = PBXFileReference; fileEncoding = 4; lastKnownFileType = sourcecode.cpp.h; path = "android-ndk-r17.hpp"; sourceTree = "<group>"; };
		921DD2DA2B65105A007FB6BC /* dot.hpp */ = {isa = PBXFileReference; fileEncoding = 4; lastKnownFileType = sourcecode.cpp.h; path = dot.hpp; sourceTree = "<group>"; };
		921DD2DB2B65105A007FB6BC /* fwd.hpp */ = {isa = PBXFileReference; fileEncoding = 4; lastKnownFileType = sourcecode.cpp.h; path = fwd.hpp; sourceTree = "<group>"; };
		921DD2DC2B65105A007FB6BC /* adjacency_matrix.hpp */ = {isa = PBXFileReference; fileEncoding = 4; lastKnownFileType = sourcecode.cpp.h; path = adjacency_matrix.hpp; sourceTree = "<group>"; };
		921DD2DD2B65105A007FB6BC /* flow.hpp */ = {isa = PBXFileReference; fileEncoding = 4; lastKnownFileType = sourcecode.cpp.h; path = flow.hpp; sourceTree = "<group>"; };
		921DD2DF2B65105A007FB6BC /* container.hpp */ = {isa = PBXFileReference; fileEncoding = 4; lastKnownFileType = sourcecode.cpp.h; path = container.hpp; sourceTree = "<group>"; };
		921DD2E02B65105A007FB6BC /* factory.hpp */ = {isa = PBXFileReference; fileEncoding = 4; lastKnownFileType = sourcecode.cpp.h; path = factory.hpp; sourceTree = "<group>"; };
		921DD2E12B65105A007FB6BC /* utility.hpp */ = {isa = PBXFileReference; fileEncoding = 4; lastKnownFileType = sourcecode.cpp.h; path = utility.hpp; sourceTree = "<group>"; };
		921DD2E22B65105A007FB6BC /* policy.hpp */ = {isa = PBXFileReference; fileEncoding = 4; lastKnownFileType = sourcecode.cpp.h; path = policy.hpp; sourceTree = "<group>"; };
		921DD2E32B65105A007FB6BC /* fwd.hpp */ = {isa = PBXFileReference; fileEncoding = 4; lastKnownFileType = sourcecode.cpp.h; path = fwd.hpp; sourceTree = "<group>"; };
		921DD2E42B65105A007FB6BC /* meta.hpp */ = {isa = PBXFileReference; fileEncoding = 4; lastKnownFileType = sourcecode.cpp.h; path = meta.hpp; sourceTree = "<group>"; };
		921DD2E52B65105A007FB6BC /* pointer.hpp */ = {isa = PBXFileReference; fileEncoding = 4; lastKnownFileType = sourcecode.cpp.h; path = pointer.hpp; sourceTree = "<group>"; };
		921DD2E62B65105A007FB6BC /* type_traits.hpp */ = {isa = PBXFileReference; fileEncoding = 4; lastKnownFileType = sourcecode.cpp.h; path = type_traits.hpp; sourceTree = "<group>"; };
		921DD2E72B65105A007FB6BC /* context.hpp */ = {isa = PBXFileReference; fileEncoding = 4; lastKnownFileType = sourcecode.cpp.h; path = context.hpp; sourceTree = "<group>"; };
		921DD2E82B65105A007FB6BC /* node.hpp */ = {isa = PBXFileReference; fileEncoding = 4; lastKnownFileType = sourcecode.cpp.h; path = node.hpp; sourceTree = "<group>"; };
		921DD2E92B65105A007FB6BC /* template.hpp */ = {isa = PBXFileReference; fileEncoding = 4; lastKnownFileType = sourcecode.cpp.h; path = template.hpp; sourceTree = "<group>"; };
		921DD2EA2B65105A007FB6BC /* range.hpp */ = {isa = PBXFileReference; fileEncoding = 4; lastKnownFileType = sourcecode.cpp.h; path = range.hpp; sourceTree = "<group>"; };
		921DD2EB2B65105A007FB6BC /* resolve.hpp */ = {isa = PBXFileReference; fileEncoding = 4; lastKnownFileType = sourcecode.cpp.h; path = resolve.hpp; sourceTree = "<group>"; };
		921DD2EC2B65105A007FB6BC /* adl_pointer.hpp */ = {isa = PBXFileReference; fileEncoding = 4; lastKnownFileType = sourcecode.cpp.h; path = adl_pointer.hpp; sourceTree = "<group>"; };
		921DD2ED2B65105A007FB6BC /* entt.hpp */ = {isa = PBXFileReference; fileEncoding = 4; lastKnownFileType = sourcecode.cpp.h; path = entt.hpp; sourceTree = "<group>"; };
		921DD2EF2B65105A007FB6BC /* fwd.hpp */ = {isa = PBXFileReference; fileEncoding = 4; lastKnownFileType = sourcecode.cpp.h; path = fwd.hpp; sourceTree = "<group>"; };
		921DD2F02B65105A007FB6BC /* dense_set.hpp */ = {isa = PBXFileReference; fileEncoding = 4; lastKnownFileType = sourcecode.cpp.h; path = dense_set.hpp; sourceTree = "<group>"; };
		921DD2F12B65105A007FB6BC /* dense_map.hpp */ = {isa = PBXFileReference; fileEncoding = 4; lastKnownFileType = sourcecode.cpp.h; path = dense_map.hpp; sourceTree = "<group>"; };
		921DD2F32B65105A007FB6BC /* loader.hpp */ = {isa = PBXFileReference; fileEncoding = 4; lastKnownFileType = sourcecode.cpp.h; path = loader.hpp; sourceTree = "<group>"; };
		921DD2F42B65105A007FB6BC /* fwd.hpp */ = {isa = PBXFileReference; fileEncoding = 4; lastKnownFileType = sourcecode.cpp.h; path = fwd.hpp; sourceTree = "<group>"; };
		921DD2F52B65105A007FB6BC /* cache.hpp */ = {isa = PBXFileReference; fileEncoding = 4; lastKnownFileType = sourcecode.cpp.h; path = cache.hpp; sourceTree = "<group>"; };
		921DD2F62B65105A007FB6BC /* resource.hpp */ = {isa = PBXFileReference; fileEncoding = 4; lastKnownFileType = sourcecode.cpp.h; path = resource.hpp; sourceTree = "<group>"; };
		921DD2F82B65105A007FB6BC /* fwd.hpp */ = {isa = PBXFileReference; fileEncoding = 4; lastKnownFileType = sourcecode.cpp.h; path = fwd.hpp; sourceTree = "<group>"; };
		921DD2F92B65105A007FB6BC /* sigh.hpp */ = {isa = PBXFileReference; fileEncoding = 4; lastKnownFileType = sourcecode.cpp.h; path = sigh.hpp; sourceTree = "<group>"; };
		921DD2FA2B65105A007FB6BC /* dispatcher.hpp */ = {isa = PBXFileReference; fileEncoding = 4; lastKnownFileType = sourcecode.cpp.h; path = dispatcher.hpp; sourceTree = "<group>"; };
		921DD2FB2B65105A007FB6BC /* emitter.hpp */ = {isa = PBXFileReference; fileEncoding = 4; lastKnownFileType = sourcecode.cpp.h; path = emitter.hpp; sourceTree = "<group>"; };
		921DD2FC2B65105A007FB6BC /* delegate.hpp */ = {isa = PBXFileReference; fileEncoding = 4; lastKnownFileType = sourcecode.cpp.h; path = delegate.hpp; sourceTree = "<group>"; };
		921DD2FE2B65105A007FB6BC /* fwd.hpp */ = {isa = PBXFileReference; fileEncoding = 4; lastKnownFileType = sourcecode.cpp.h; path = fwd.hpp; sourceTree = "<group>"; };
		921DD2FF2B65105A007FB6BC /* scheduler.hpp */ = {isa = PBXFileReference; fileEncoding = 4; lastKnownFileType = sourcecode.cpp.h; path = scheduler.hpp; sourceTree = "<group>"; };
		921DD3002B65105A007FB6BC /* process.hpp */ = {isa = PBXFileReference; fileEncoding = 4; lastKnownFileType = sourcecode.cpp.h; path = process.hpp; sourceTree = "<group>"; };
		921DD3022B65105A007FB6BC /* fwd.hpp */ = {isa = PBXFileReference; fileEncoding = 4; lastKnownFileType = sourcecode.cpp.h; path = fwd.hpp; sourceTree = "<group>"; };
		921DD3032B65105A007FB6BC /* poly.hpp */ = {isa = PBXFileReference; fileEncoding = 4; lastKnownFileType = sourcecode.cpp.h; path = poly.hpp; sourceTree = "<group>"; };
		923C8F362B7D172300FA0FBC /* EnemyShot.hpp */ = {isa = PBXFileReference; lastKnownFileType = sourcecode.cpp.h; path = EnemyShot.hpp; sourceTree = "<group>"; };
		923C8F382B7E7D6A00FA0FBC /* Font.cpp */ = {isa = PBXFileReference; lastKnownFileType = sourcecode.cpp.cpp; path = Font.cpp; sourceTree = "<group>"; };
		923C8F392B7E7D6A00FA0FBC /* Font.hpp */ = {isa = PBXFileReference; lastKnownFileType = sourcecode.cpp.h; path = Font.hpp; sourceTree = "<group>"; };
		924251552B6E69D800137C60 /* Scene.cpp */ = {isa = PBXFileReference; lastKnownFileType = sourcecode.cpp.cpp; path = Scene.cpp; sourceTree = "<group>"; };
		924251562B6E69D800137C60 /* Scene.hpp */ = {isa = PBXFileReference; lastKnownFileType = sourcecode.cpp.h; path = Scene.hpp; sourceTree = "<group>"; };
		92473F322B83C0530012AFCB /* UIFactory.cpp */ = {isa = PBXFileReference; lastKnownFileType = sourcecode.cpp.cpp; path = UIFactory.cpp; sourceTree = "<group>"; };
		92473F332B83C0530012AFCB /* UIFactory.hpp */ = {isa = PBXFileReference; lastKnownFileType = sourcecode.cpp.h; path = UIFactory.hpp; sourceTree = "<group>"; };
		9259444D2B64201000611F0D /* SDL2_image.framework */ = {isa = PBXFileReference; lastKnownFileType = wrapper.framework; path = SDL2_image.framework; sourceTree = "<group>"; };
		925944502B64206F00611F0D /* SDL2_mixer.framework */ = {isa = PBXFileReference; lastKnownFileType = wrapper.framework; path = SDL2_mixer.framework; sourceTree = "<group>"; };
		925944532B64283300611F0D /* Audio */ = {isa = PBXFileReference; lastKnownFileType = folder; path = Audio; sourceTree = "<group>"; };
		927797EA2B669B9A009F8E2B /* SpriteAtlas.cpp */ = {isa = PBXFileReference; lastKnownFileType = sourcecode.cpp.cpp; path = SpriteAtlas.cpp; sourceTree = "<group>"; };
		927797EB2B669B9A009F8E2B /* SpriteAtlas.hpp */ = {isa = PBXFileReference; lastKnownFileType = sourcecode.cpp.h; path = SpriteAtlas.hpp; sourceTree = "<group>"; };
		928F35682B85F48600E20823 /* SpriteAtlasCache.hpp */ = {isa = PBXFileReference; lastKnownFileType = sourcecode.cpp.h; path = SpriteAtlasCache.hpp; sourceTree = "<group>"; };
		928F356B2B86173200E20823 /* FontCache.hpp */ = {isa = PBXFileReference; lastKnownFileType = sourcecode.cpp.h; path = FontCache.hpp; sourceTree = "<group>"; };
		928F356D2B86189900E20823 /* Music.cpp */ = {isa = PBXFileReference; lastKnownFileType = sourcecode.cpp.cpp; path = Music.cpp; sourceTree = "<group>"; };
		928F356E2B86189900E20823 /* Music.hpp */ = {isa = PBXFileReference; lastKnownFileType = sourcecode.cpp.h; path = Music.hpp; sourceTree = "<group>"; };
		928F35702B861C7500E20823 /* MusicCache.hpp */ = {isa = PBXFileReference; lastKnownFileType = sourcecode.cpp.h; path = MusicCache.hpp; sourceTree = "<group>"; };
		928F35712B86401C00E20823 /* GameScene.cpp */ = {isa = PBXFileReference; lastKnownFileType = sourcecode.cpp.cpp; path = GameScene.cpp; sourceTree = "<group>"; };
		928F35722B86401C00E20823 /* GameScene.hpp */ = {isa = PBXFileReference; lastKnownFileType = sourcecode.cpp.h; path = GameScene.hpp; sourceTree = "<group>"; };
		928F35772B8648C700E20823 /* SceneManager.cpp */ = {isa = PBXFileReference; lastKnownFileType = sourcecode.cpp.cpp; path = SceneManager.cpp; sourceTree = "<group>"; };
		928F35782B8648C700E20823 /* SceneManager.hpp */ = {isa = PBXFileReference; lastKnownFileType = sourcecode.cpp.h; path = SceneManager.hpp; sourceTree = "<group>"; };
		928F357A2B86535900E20823 /* TitleScene.cpp */ = {isa = PBXFileReference; lastKnownFileType = sourcecode.cpp.cpp; path = TitleScene.cpp; sourceTree = "<group>"; };
		928F357B2B86535900E20823 /* TitleScene.hpp */ = {isa = PBXFileReference; lastKnownFileType = sourcecode.cpp.h; path = TitleScene.hpp; sourceTree = "<group>"; };
		9293DB502B80136E00409AC8 /* Label.hpp */ = {isa = PBXFileReference; lastKnownFileType = sourcecode.cpp.h; path = Label.hpp; sourceTree = "<group>"; };
		9293DB512B8013C800409AC8 /* LabelRenderer.cpp */ = {isa = PBXFileReference; lastKnownFileType = sourcecode.cpp.cpp; path = LabelRenderer.cpp; sourceTree = "<group>"; };
		9293DB522B8013C800409AC8 /* LabelRenderer.hpp */ = {isa = PBXFileReference; lastKnownFileType = sourcecode.cpp.h; path = LabelRenderer.hpp; sourceTree = "<group>"; };
		92B21A2F2B64044000B033E2 /* LowRes Galaxy.app */ = {isa = PBXFileReference; explicitFileType = wrapper.application; includeInIndex = 0; path = "LowRes Galaxy.app"; sourceTree = BUILT_PRODUCTS_DIR; };
		92B21A352B64044100B033E2 /* Assets.xcassets */ = {isa = PBXFileReference; lastKnownFileType = folder.assetcatalog; path = Assets.xcassets; sourceTree = "<group>"; };
		92B21A3C2B64044100B033E2 /* LowRes_Galaxy.entitlements */ = {isa = PBXFileReference; lastKnownFileType = text.plist.entitlements; path = LowRes_Galaxy.entitlements; sourceTree = "<group>"; };
		92B21A422B64064F00B033E2 /* main.cpp */ = {isa = PBXFileReference; fileEncoding = 4; lastKnownFileType = sourcecode.cpp.cpp; path = main.cpp; sourceTree = "<group>"; };
		92B21A452B6406B700B033E2 /* SDL2.framework */ = {isa = PBXFileReference; lastKnownFileType = wrapper.framework; path = SDL2.framework; sourceTree = "<group>"; };
		92B21A492B6408E100B033E2 /* Textures */ = {isa = PBXFileReference; lastKnownFileType = folder; path = Textures; sourceTree = "<group>"; };
/* End PBXFileReference section */

/* Begin PBXFrameworksBuildPhase section */
		92B21A2C2B64044000B033E2 /* Frameworks */ = {
			isa = PBXFrameworksBuildPhase;
			buildActionMask = 2147483647;
			files = (
				925944512B64206F00611F0D /* SDL2_mixer.framework in Frameworks */,
				92B21A462B6406B700B033E2 /* SDL2.framework in Frameworks */,
				9259444E2B64201000611F0D /* SDL2_image.framework in Frameworks */,
			);
			runOnlyForDeploymentPostprocessing = 0;
		};
/* End PBXFrameworksBuildPhase section */

/* Begin PBXGroup section */
		92026E8F2B7CBFD800B87AAD /* Utils */ = {
			isa = PBXGroup;
			children = (
				92026E902B7CBFFC00B87AAD /* Random.cpp */,
				92026E912B7CBFFC00B87AAD /* Random.hpp */,
			);
			path = Utils;
			sourceTree = "<group>";
		};
		92188BA42B73978A0087E7E1 /* Components */ = {
			isa = PBXGroup;
			children = (
				92188BA92B739A9D0087E7E1 /* Sprite.hpp */,
				9293DB502B80136E00409AC8 /* Label.hpp */,
				92188BAA2B739B9B0087E7E1 /* Position.hpp */,
				92188BAE2B73A8E40087E7E1 /* PlayerInput.hpp */,
				92026E8A2B7CB66600B87AAD /* PlayerStatus.hpp */,
				92188BAF2B73AF6E0087E7E1 /* LocalPlayer.hpp */,
				92188BB62B73CABD0087E7E1 /* AutoScroll.hpp */,
				92188BCC2B77C2F00087E7E1 /* MoveDirection.hpp */,
				92026E8B2B7CB87A00B87AAD /* AlienStatus.hpp */,
				92026E932B7CD75500B87AAD /* Shootable.hpp */,
				92026E972B7CE04200B87AAD /* Shot.hpp */,
				923C8F362B7D172300FA0FBC /* EnemyShot.hpp */,
				92026E9A2B7CE6CB00B87AAD /* Animation.hpp */,
				92026E9F2B7D05B200B87AAD /* CollisionBox.cpp */,
				92026E9E2B7D036900B87AAD /* CollisionBox.hpp */,
			);
			path = Components;
			sourceTree = "<group>";
		};
		92188BA52B7397920087E7E1 /* Systems */ = {
			isa = PBXGroup;
			children = (
				92188BAB2B739C040087E7E1 /* SpriteRenderer.cpp */,
				92188BAC2B739C040087E7E1 /* SpriteRenderer.hpp */,
				9293DB512B8013C800409AC8 /* LabelRenderer.cpp */,
				9293DB522B8013C800409AC8 /* LabelRenderer.hpp */,
				92188BB02B73B0420087E7E1 /* PlayerControlSystem.cpp */,
				92188BB12B73B0420087E7E1 /* PlayerControlSystem.hpp */,
				92188BB32B73BFF00087E7E1 /* LocalPlayerSystem.cpp */,
				92188BB42B73BFF00087E7E1 /* LocalPlayerSystem.hpp */,
				92188BB72B73CB410087E7E1 /* AutoScrollSystem.cpp */,
				92188BB82B73CB410087E7E1 /* AutoScrollSystem.hpp */,
				92188BCD2B77C3600087E7E1 /* MoveSystem.cpp */,
				92188BCE2B77C3600087E7E1 /* MoveSystem.hpp */,
				92026E8C2B7CBA8500B87AAD /* AlienControlSystem.cpp */,
				92026E8D2B7CBA8500B87AAD /* AlienControlSystem.hpp */,
				92026E942B7CDED800B87AAD /* ShotCollisionSystem.cpp */,
				92026E952B7CDED800B87AAD /* ShotCollisionSystem.hpp */,
				92026EA12B7D0A6E00B87AAD /* PlayerCollisionSystem.cpp */,
				92026EA22B7D0A6E00B87AAD /* PlayerCollisionSystem.hpp */,
				92026E9B2B7CE87600B87AAD /* AnimationSystem.cpp */,
				92026E9C2B7CE87600B87AAD /* AnimationSystem.hpp */,
			);
			path = Systems;
			sourceTree = "<group>";
		};
		92188BBA2B73D5760087E7E1 /* nlohmann */ = {
			isa = PBXGroup;
			children = (
				92188BBB2B73D5760087E7E1 /* json.hpp */,
				92188BBC2B73D5760087E7E1 /* json_fwd.hpp */,
			);
			name = nlohmann;
			path = json/single_include/nlohmann;
			sourceTree = "<group>";
		};
		92188BBD2B73D64B0087E7E1 /* Factories */ = {
			isa = PBXGroup;
			children = (
				92188BBE2B73D67E0087E7E1 /* BackgroundFactory.cpp */,
				92188BBF2B73D67E0087E7E1 /* BackgroundFactory.hpp */,
				92188BC12B73D9B00087E7E1 /* SpriteFactory.cpp */,
				92188BC22B73D9B00087E7E1 /* SpriteFactory.hpp */,
				92473F322B83C0530012AFCB /* UIFactory.cpp */,
				92473F332B83C0530012AFCB /* UIFactory.hpp */,
			);
			path = Factories;
			sourceTree = "<group>";
		};
		921DD0A52B650FEF007FB6BC /* Libraries */ = {
			isa = PBXGroup;
			children = (
				92188BBA2B73D5760087E7E1 /* nlohmann */,
				921DD2AE2B65105A007FB6BC /* entt */,
			);
			path = Libraries;
			sourceTree = "<group>";
		};
		921DD2AE2B65105A007FB6BC /* entt */ = {
			isa = PBXGroup;
			children = (
				921DD2AF2B65105A007FB6BC /* locator */,
				921DD2B12B65105A007FB6BC /* core */,
				921DD2C22B65105A007FB6BC /* fwd.hpp */,
				921DD2C32B65105A007FB6BC /* config */,
				921DD2C72B65105A007FB6BC /* entity */,
				921DD2D72B65105A007FB6BC /* platform */,
				921DD2D92B65105A007FB6BC /* graph */,
				921DD2DE2B65105A007FB6BC /* meta */,
				921DD2ED2B65105A007FB6BC /* entt.hpp */,
				921DD2EE2B65105A007FB6BC /* container */,
				921DD2F22B65105A007FB6BC /* resource */,
				921DD2F72B65105A007FB6BC /* signal */,
				921DD2FD2B65105A007FB6BC /* process */,
				921DD3012B65105A007FB6BC /* poly */,
			);
			name = entt;
			path = entt/src/entt;
			sourceTree = "<group>";
		};
		921DD2AF2B65105A007FB6BC /* locator */ = {
			isa = PBXGroup;
			children = (
				921DD2B02B65105A007FB6BC /* locator.hpp */,
			);
			path = locator;
			sourceTree = "<group>";
		};
		921DD2B12B65105A007FB6BC /* core */ = {
			isa = PBXGroup;
			children = (
				921DD2B22B65105A007FB6BC /* hashed_string.hpp */,
				921DD2B32B65105A007FB6BC /* utility.hpp */,
				921DD2B42B65105A007FB6BC /* fwd.hpp */,
				921DD2B52B65105A007FB6BC /* monostate.hpp */,
				921DD2B62B65105A007FB6BC /* family.hpp */,
				921DD2B72B65105A007FB6BC /* enum.hpp */,
				921DD2B82B65105A007FB6BC /* algorithm.hpp */,
				921DD2B92B65105A007FB6BC /* tuple.hpp */,
				921DD2BA2B65105A007FB6BC /* type_traits.hpp */,
				921DD2BB2B65105A007FB6BC /* any.hpp */,
				921DD2BC2B65105A007FB6BC /* ident.hpp */,
				921DD2BD2B65105A007FB6BC /* memory.hpp */,
				921DD2BE2B65105A007FB6BC /* compressed_pair.hpp */,
				921DD2BF2B65105A007FB6BC /* attribute.h */,
				921DD2C02B65105A007FB6BC /* type_info.hpp */,
				921DD2C12B65105A007FB6BC /* iterator.hpp */,
			);
			path = core;
			sourceTree = "<group>";
		};
		921DD2C32B65105A007FB6BC /* config */ = {
			isa = PBXGroup;
			children = (
				921DD2C42B65105A007FB6BC /* version.h */,
				921DD2C52B65105A007FB6BC /* config.h */,
				921DD2C62B65105A007FB6BC /* macro.h */,
			);
			path = config;
			sourceTree = "<group>";
		};
		921DD2C72B65105A007FB6BC /* entity */ = {
			isa = PBXGroup;
			children = (
				921DD2C82B65105A007FB6BC /* sparse_set.hpp */,
				921DD2C92B65105A007FB6BC /* group.hpp */,
				921DD2CA2B65105A007FB6BC /* fwd.hpp */,
				921DD2CB2B65105A007FB6BC /* runtime_view.hpp */,
				921DD2CC2B65105A007FB6BC /* registry.hpp */,
				921DD2CD2B65105A007FB6BC /* snapshot.hpp */,
				921DD2CE2B65105A007FB6BC /* mixin.hpp */,
				921DD2CF2B65105A007FB6BC /* organizer.hpp */,
				921DD2D02B65105A007FB6BC /* handle.hpp */,
				921DD2D12B65105A007FB6BC /* component.hpp */,
				921DD2D22B65105A007FB6BC /* observer.hpp */,
				921DD2D32B65105A007FB6BC /* helper.hpp */,
				921DD2D42B65105A007FB6BC /* view.hpp */,
				921DD2D52B65105A007FB6BC /* storage.hpp */,
				921DD2D62B65105A007FB6BC /* entity.hpp */,
			);
			path = entity;
			sourceTree = "<group>";
		};
		921DD2D72B65105A007FB6BC /* platform */ = {
			isa = PBXGroup;
			children = (
				921DD2D82B65105A007FB6BC /* android-ndk-r17.hpp */,
			);
			path = platform;
			sourceTree = "<group>";
		};
		921DD2D92B65105A007FB6BC /* graph */ = {
			isa = PBXGroup;
			children = (
				921DD2DA2B65105A007FB6BC /* dot.hpp */,
				921DD2DB2B65105A007FB6BC /* fwd.hpp */,
				921DD2DC2B65105A007FB6BC /* adjacency_matrix.hpp */,
				921DD2DD2B65105A007FB6BC /* flow.hpp */,
			);
			path = graph;
			sourceTree = "<group>";
		};
		921DD2DE2B65105A007FB6BC /* meta */ = {
			isa = PBXGroup;
			children = (
				921DD2DF2B65105A007FB6BC /* container.hpp */,
				921DD2E02B65105A007FB6BC /* factory.hpp */,
				921DD2E12B65105A007FB6BC /* utility.hpp */,
				921DD2E22B65105A007FB6BC /* policy.hpp */,
				921DD2E32B65105A007FB6BC /* fwd.hpp */,
				921DD2E42B65105A007FB6BC /* meta.hpp */,
				921DD2E52B65105A007FB6BC /* pointer.hpp */,
				921DD2E62B65105A007FB6BC /* type_traits.hpp */,
				921DD2E72B65105A007FB6BC /* context.hpp */,
				921DD2E82B65105A007FB6BC /* node.hpp */,
				921DD2E92B65105A007FB6BC /* template.hpp */,
				921DD2EA2B65105A007FB6BC /* range.hpp */,
				921DD2EB2B65105A007FB6BC /* resolve.hpp */,
				921DD2EC2B65105A007FB6BC /* adl_pointer.hpp */,
			);
			path = meta;
			sourceTree = "<group>";
		};
		921DD2EE2B65105A007FB6BC /* container */ = {
			isa = PBXGroup;
			children = (
				921DD2EF2B65105A007FB6BC /* fwd.hpp */,
				921DD2F02B65105A007FB6BC /* dense_set.hpp */,
				921DD2F12B65105A007FB6BC /* dense_map.hpp */,
			);
			path = container;
			sourceTree = "<group>";
		};
		921DD2F22B65105A007FB6BC /* resource */ = {
			isa = PBXGroup;
			children = (
				921DD2F32B65105A007FB6BC /* loader.hpp */,
				921DD2F42B65105A007FB6BC /* fwd.hpp */,
				921DD2F52B65105A007FB6BC /* cache.hpp */,
				921DD2F62B65105A007FB6BC /* resource.hpp */,
			);
			path = resource;
			sourceTree = "<group>";
		};
		921DD2F72B65105A007FB6BC /* signal */ = {
			isa = PBXGroup;
			children = (
				921DD2F82B65105A007FB6BC /* fwd.hpp */,
				921DD2F92B65105A007FB6BC /* sigh.hpp */,
				921DD2FA2B65105A007FB6BC /* dispatcher.hpp */,
				921DD2FB2B65105A007FB6BC /* emitter.hpp */,
				921DD2FC2B65105A007FB6BC /* delegate.hpp */,
			);
			path = signal;
			sourceTree = "<group>";
		};
		921DD2FD2B65105A007FB6BC /* process */ = {
			isa = PBXGroup;
			children = (
				921DD2FE2B65105A007FB6BC /* fwd.hpp */,
				921DD2FF2B65105A007FB6BC /* scheduler.hpp */,
				921DD3002B65105A007FB6BC /* process.hpp */,
			);
			path = process;
			sourceTree = "<group>";
		};
		921DD3012B65105A007FB6BC /* poly */ = {
			isa = PBXGroup;
			children = (
				921DD3022B65105A007FB6BC /* fwd.hpp */,
				921DD3032B65105A007FB6BC /* poly.hpp */,
			);
			path = poly;
			sourceTree = "<group>";
		};
		923C8F3B2B7E814900FA0FBC /* Rendering */ = {
			isa = PBXGroup;
			children = (
				927797EA2B669B9A009F8E2B /* SpriteAtlas.cpp */,
				927797EB2B669B9A009F8E2B /* SpriteAtlas.hpp */,
				923C8F382B7E7D6A00FA0FBC /* Font.cpp */,
				923C8F392B7E7D6A00FA0FBC /* Font.hpp */,
			);
			path = Rendering;
			sourceTree = "<group>";
		};
		923C8F3C2B7E819300FA0FBC /* Scenes */ = {
			isa = PBXGroup;
			children = (
				928F35772B8648C700E20823 /* SceneManager.cpp */,
				928F35782B8648C700E20823 /* SceneManager.hpp */,
				924251552B6E69D800137C60 /* Scene.cpp */,
				924251562B6E69D800137C60 /* Scene.hpp */,
				928F357A2B86535900E20823 /* TitleScene.cpp */,
				928F357B2B86535900E20823 /* TitleScene.hpp */,
				928F35712B86401C00E20823 /* GameScene.cpp */,
				928F35722B86401C00E20823 /* GameScene.hpp */,
			);
			path = Scenes;
			sourceTree = "<group>";
		};
		928F356A2B8614DE00E20823 /* Caches */ = {
			isa = PBXGroup;
			children = (
				928F35682B85F48600E20823 /* SpriteAtlasCache.hpp */,
				928F356B2B86173200E20823 /* FontCache.hpp */,
				928F35702B861C7500E20823 /* MusicCache.hpp */,
			);
			path = Caches;
			sourceTree = "<group>";
		};
		928F356C2B86187A00E20823 /* Sound */ = {
			isa = PBXGroup;
			children = (
				928F356D2B86189900E20823 /* Music.cpp */,
				928F356E2B86189900E20823 /* Music.hpp */,
			);
			path = Sound;
			sourceTree = "<group>";
		};
		92B21A262B64044000B033E2 = {
			isa = PBXGroup;
			children = (
				92B21A312B64044000B033E2 /* LowRes Galaxy */,
				92B21A302B64044000B033E2 /* Products */,
				92B21A442B6406B700B033E2 /* Frameworks */,
			);
			sourceTree = "<group>";
		};
		92B21A302B64044000B033E2 /* Products */ = {
			isa = PBXGroup;
			children = (
				92B21A2F2B64044000B033E2 /* LowRes Galaxy.app */,
			);
			name = Products;
			sourceTree = "<group>";
		};
		92B21A312B64044000B033E2 /* LowRes Galaxy */ = {
			isa = PBXGroup;
			children = (
				92B21A3C2B64044100B033E2 /* LowRes_Galaxy.entitlements */,
				92B21A352B64044100B033E2 /* Assets.xcassets */,
				925944532B64283300611F0D /* Audio */,
				92B21A492B6408E100B033E2 /* Textures */,
				921DD0A52B650FEF007FB6BC /* Libraries */,
				92026E8F2B7CBFD800B87AAD /* Utils */,
				928F356C2B86187A00E20823 /* Sound */,
				923C8F3B2B7E814900FA0FBC /* Rendering */,
				928F356A2B8614DE00E20823 /* Caches */,
				92188BA42B73978A0087E7E1 /* Components */,
				92188BA52B7397920087E7E1 /* Systems */,
				92188BBD2B73D64B0087E7E1 /* Factories */,
				923C8F3C2B7E819300FA0FBC /* Scenes */,
				92B21A422B64064F00B033E2 /* main.cpp */,
			);
			path = "LowRes Galaxy";
			sourceTree = "<group>";
		};
		92B21A442B6406B700B033E2 /* Frameworks */ = {
			isa = PBXGroup;
			children = (
				925944502B64206F00611F0D /* SDL2_mixer.framework */,
				9259444D2B64201000611F0D /* SDL2_image.framework */,
				92B21A452B6406B700B033E2 /* SDL2.framework */,
			);
			name = Frameworks;
			sourceTree = "<group>";
		};
/* End PBXGroup section */

/* Begin PBXNativeTarget section */
		92B21A2E2B64044000B033E2 /* LowRes Galaxy */ = {
			isa = PBXNativeTarget;
			buildConfigurationList = 92B21A3F2B64044100B033E2 /* Build configuration list for PBXNativeTarget "LowRes Galaxy" */;
			buildPhases = (
				92B21A2B2B64044000B033E2 /* Sources */,
				92B21A2C2B64044000B033E2 /* Frameworks */,
				92B21A2D2B64044000B033E2 /* Resources */,
				92B21A482B6406B700B033E2 /* Embed Frameworks */,
			);
			buildRules = (
			);
			dependencies = (
			);
			name = "LowRes Galaxy";
			productName = "LowRes Galaxy";
			productReference = 92B21A2F2B64044000B033E2 /* LowRes Galaxy.app */;
			productType = "com.apple.product-type.application";
		};
/* End PBXNativeTarget section */

/* Begin PBXProject section */
		92B21A272B64044000B033E2 /* Project object */ = {
			isa = PBXProject;
			attributes = {
				BuildIndependentTargetsInParallel = 1;
				LastUpgradeCheck = 1520;
				TargetAttributes = {
					92B21A2E2B64044000B033E2 = {
						CreatedOnToolsVersion = 15.2;
					};
				};
			};
			buildConfigurationList = 92B21A2A2B64044000B033E2 /* Build configuration list for PBXProject "LowRes Galaxy" */;
			compatibilityVersion = "Xcode 14.0";
			developmentRegion = en;
			hasScannedForEncodings = 0;
			knownRegions = (
				en,
				Base,
			);
			mainGroup = 92B21A262B64044000B033E2;
			productRefGroup = 92B21A302B64044000B033E2 /* Products */;
			projectDirPath = "";
			projectRoot = "";
			targets = (
				92B21A2E2B64044000B033E2 /* LowRes Galaxy */,
			);
		};
/* End PBXProject section */

/* Begin PBXResourcesBuildPhase section */
		92B21A2D2B64044000B033E2 /* Resources */ = {
			isa = PBXResourcesBuildPhase;
			buildActionMask = 2147483647;
			files = (
				925944542B64283300611F0D /* Audio in Resources */,
				92B21A4A2B6408E100B033E2 /* Textures in Resources */,
				92B21A362B64044100B033E2 /* Assets.xcassets in Resources */,
			);
			runOnlyForDeploymentPostprocessing = 0;
		};
/* End PBXResourcesBuildPhase section */

/* Begin PBXSourcesBuildPhase section */
		92B21A2B2B64044000B033E2 /* Sources */ = {
			isa = PBXSourcesBuildPhase;
			buildActionMask = 2147483647;
			files = (
				92026E922B7CBFFC00B87AAD /* Random.cpp in Sources */,
				92026E962B7CDED800B87AAD /* ShotCollisionSystem.cpp in Sources */,
				92188BB22B73B0420087E7E1 /* PlayerControlSystem.cpp in Sources */,
				92188BC32B73D9B00087E7E1 /* SpriteFactory.cpp in Sources */,
				928F35732B86401C00E20823 /* GameScene.cpp in Sources */,
				924251572B6E69D800137C60 /* Scene.cpp in Sources */,
				92473F342B83C0530012AFCB /* UIFactory.cpp in Sources */,
				92026E8E2B7CBA8500B87AAD /* AlienControlSystem.cpp in Sources */,
				928F35792B8648C700E20823 /* SceneManager.cpp in Sources */,
				92188BB92B73CB410087E7E1 /* AutoScrollSystem.cpp in Sources */,
				9293DB532B8013C800409AC8 /* LabelRenderer.cpp in Sources */,
				92188BAD2B739C040087E7E1 /* SpriteRenderer.cpp in Sources */,
				92026EA32B7D0A6E00B87AAD /* PlayerCollisionSystem.cpp in Sources */,
				92188BB52B73BFF00087E7E1 /* LocalPlayerSystem.cpp in Sources */,
				927797EC2B669B9A009F8E2B /* SpriteAtlas.cpp in Sources */,
				92188BCF2B77C3600087E7E1 /* MoveSystem.cpp in Sources */,
				928F357C2B86535900E20823 /* TitleScene.cpp in Sources */,
				92188BC02B73D67E0087E7E1 /* BackgroundFactory.cpp in Sources */,
				928F356F2B86189900E20823 /* Music.cpp in Sources */,
				92026EA02B7D05B200B87AAD /* CollisionBox.cpp in Sources */,
				923C8F3A2B7E7D6A00FA0FBC /* Font.cpp in Sources */,
				92026E9D2B7CE87600B87AAD /* AnimationSystem.cpp in Sources */,
				92B21A432B64065000B033E2 /* main.cpp in Sources */,
			);
			runOnlyForDeploymentPostprocessing = 0;
		};
/* End PBXSourcesBuildPhase section */

/* Begin XCBuildConfiguration section */
		92B21A3D2B64044100B033E2 /* Debug */ = {
			isa = XCBuildConfiguration;
			buildSettings = {
				ALWAYS_SEARCH_USER_PATHS = NO;
				ASSETCATALOG_COMPILER_GENERATE_SWIFT_ASSET_SYMBOL_EXTENSIONS = YES;
				CLANG_ANALYZER_NONNULL = YES;
				CLANG_ANALYZER_NUMBER_OBJECT_CONVERSION = YES_AGGRESSIVE;
				CLANG_CXX_LANGUAGE_STANDARD = "gnu++20";
				CLANG_ENABLE_MODULES = YES;
				CLANG_ENABLE_OBJC_ARC = YES;
				CLANG_ENABLE_OBJC_WEAK = YES;
				CLANG_WARN_BLOCK_CAPTURE_AUTORELEASING = YES;
				CLANG_WARN_BOOL_CONVERSION = YES;
				CLANG_WARN_COMMA = YES;
				CLANG_WARN_CONSTANT_CONVERSION = YES;
				CLANG_WARN_DEPRECATED_OBJC_IMPLEMENTATIONS = YES;
				CLANG_WARN_DIRECT_OBJC_ISA_USAGE = YES_ERROR;
				CLANG_WARN_DOCUMENTATION_COMMENTS = YES;
				CLANG_WARN_EMPTY_BODY = YES;
				CLANG_WARN_ENUM_CONVERSION = YES;
				CLANG_WARN_INFINITE_RECURSION = YES;
				CLANG_WARN_INT_CONVERSION = YES;
				CLANG_WARN_NON_LITERAL_NULL_CONVERSION = YES;
				CLANG_WARN_OBJC_IMPLICIT_RETAIN_SELF = YES;
				CLANG_WARN_OBJC_LITERAL_CONVERSION = YES;
				CLANG_WARN_OBJC_ROOT_CLASS = YES_ERROR;
				CLANG_WARN_QUOTED_INCLUDE_IN_FRAMEWORK_HEADER = YES;
				CLANG_WARN_RANGE_LOOP_ANALYSIS = YES;
				CLANG_WARN_STRICT_PROTOTYPES = YES;
				CLANG_WARN_SUSPICIOUS_MOVE = YES;
				CLANG_WARN_UNGUARDED_AVAILABILITY = YES_AGGRESSIVE;
				CLANG_WARN_UNREACHABLE_CODE = YES;
				CLANG_WARN__DUPLICATE_METHOD_MATCH = YES;
				COPY_PHASE_STRIP = NO;
				DEBUG_INFORMATION_FORMAT = dwarf;
				ENABLE_STRICT_OBJC_MSGSEND = YES;
				ENABLE_TESTABILITY = YES;
				ENABLE_USER_SCRIPT_SANDBOXING = YES;
				GCC_C_LANGUAGE_STANDARD = gnu17;
				GCC_DYNAMIC_NO_PIC = NO;
				GCC_NO_COMMON_BLOCKS = YES;
				GCC_OPTIMIZATION_LEVEL = 0;
				GCC_PREPROCESSOR_DEFINITIONS = (
					"DEBUG=1",
					"$(inherited)",
				);
				GCC_WARN_64_TO_32_BIT_CONVERSION = YES;
				GCC_WARN_ABOUT_RETURN_TYPE = YES_ERROR;
				GCC_WARN_UNDECLARED_SELECTOR = YES;
				GCC_WARN_UNINITIALIZED_AUTOS = YES_AGGRESSIVE;
				GCC_WARN_UNUSED_FUNCTION = YES;
				GCC_WARN_UNUSED_VARIABLE = YES;
				LOCALIZATION_PREFERS_STRING_CATALOGS = YES;
				MACOSX_DEPLOYMENT_TARGET = 13.6;
				MTL_ENABLE_DEBUG_INFO = INCLUDE_SOURCE;
				MTL_FAST_MATH = YES;
				ONLY_ACTIVE_ARCH = YES;
				SDKROOT = macosx;
			};
			name = Debug;
		};
		92B21A3E2B64044100B033E2 /* Release */ = {
			isa = XCBuildConfiguration;
			buildSettings = {
				ALWAYS_SEARCH_USER_PATHS = NO;
				ASSETCATALOG_COMPILER_GENERATE_SWIFT_ASSET_SYMBOL_EXTENSIONS = YES;
				CLANG_ANALYZER_NONNULL = YES;
				CLANG_ANALYZER_NUMBER_OBJECT_CONVERSION = YES_AGGRESSIVE;
				CLANG_CXX_LANGUAGE_STANDARD = "gnu++20";
				CLANG_ENABLE_MODULES = YES;
				CLANG_ENABLE_OBJC_ARC = YES;
				CLANG_ENABLE_OBJC_WEAK = YES;
				CLANG_WARN_BLOCK_CAPTURE_AUTORELEASING = YES;
				CLANG_WARN_BOOL_CONVERSION = YES;
				CLANG_WARN_COMMA = YES;
				CLANG_WARN_CONSTANT_CONVERSION = YES;
				CLANG_WARN_DEPRECATED_OBJC_IMPLEMENTATIONS = YES;
				CLANG_WARN_DIRECT_OBJC_ISA_USAGE = YES_ERROR;
				CLANG_WARN_DOCUMENTATION_COMMENTS = YES;
				CLANG_WARN_EMPTY_BODY = YES;
				CLANG_WARN_ENUM_CONVERSION = YES;
				CLANG_WARN_INFINITE_RECURSION = YES;
				CLANG_WARN_INT_CONVERSION = YES;
				CLANG_WARN_NON_LITERAL_NULL_CONVERSION = YES;
				CLANG_WARN_OBJC_IMPLICIT_RETAIN_SELF = YES;
				CLANG_WARN_OBJC_LITERAL_CONVERSION = YES;
				CLANG_WARN_OBJC_ROOT_CLASS = YES_ERROR;
				CLANG_WARN_QUOTED_INCLUDE_IN_FRAMEWORK_HEADER = YES;
				CLANG_WARN_RANGE_LOOP_ANALYSIS = YES;
				CLANG_WARN_STRICT_PROTOTYPES = YES;
				CLANG_WARN_SUSPICIOUS_MOVE = YES;
				CLANG_WARN_UNGUARDED_AVAILABILITY = YES_AGGRESSIVE;
				CLANG_WARN_UNREACHABLE_CODE = YES;
				CLANG_WARN__DUPLICATE_METHOD_MATCH = YES;
				COPY_PHASE_STRIP = NO;
				DEBUG_INFORMATION_FORMAT = "dwarf-with-dsym";
				ENABLE_NS_ASSERTIONS = NO;
				ENABLE_STRICT_OBJC_MSGSEND = YES;
				ENABLE_USER_SCRIPT_SANDBOXING = YES;
				GCC_C_LANGUAGE_STANDARD = gnu17;
				GCC_NO_COMMON_BLOCKS = YES;
				GCC_WARN_64_TO_32_BIT_CONVERSION = YES;
				GCC_WARN_ABOUT_RETURN_TYPE = YES_ERROR;
				GCC_WARN_UNDECLARED_SELECTOR = YES;
				GCC_WARN_UNINITIALIZED_AUTOS = YES_AGGRESSIVE;
				GCC_WARN_UNUSED_FUNCTION = YES;
				GCC_WARN_UNUSED_VARIABLE = YES;
				LOCALIZATION_PREFERS_STRING_CATALOGS = YES;
				MACOSX_DEPLOYMENT_TARGET = 13.6;
				MTL_ENABLE_DEBUG_INFO = NO;
				MTL_FAST_MATH = YES;
				SDKROOT = macosx;
			};
			name = Release;
		};
		92B21A402B64044100B033E2 /* Debug */ = {
			isa = XCBuildConfiguration;
			buildSettings = {
				ASSETCATALOG_COMPILER_APPICON_NAME = AppIcon;
				ASSETCATALOG_COMPILER_GLOBAL_ACCENT_COLOR_NAME = AccentColor;
				CODE_SIGN_ENTITLEMENTS = "LowRes Galaxy/LowRes_Galaxy.entitlements";
				CODE_SIGN_STYLE = Automatic;
				COMBINE_HIDPI_IMAGES = YES;
				CURRENT_PROJECT_VERSION = 1;
				DEVELOPMENT_TEAM = BZ4VC623NH;
				ENABLE_HARDENED_RUNTIME = YES;
				FRAMEWORK_SEARCH_PATHS = (
					"$(inherited)",
					"$(PROJECT_DIR)",
				);
				GENERATE_INFOPLIST_FILE = YES;
				INFOPLIST_KEY_NSHumanReadableCopyright = "";
				INFOPLIST_KEY_NSMainNibFile = MainMenu;
				INFOPLIST_KEY_NSPrincipalClass = NSApplication;
				LD_RUNPATH_SEARCH_PATHS = (
					"$(inherited)",
					"@executable_path/../Frameworks",
				);
				MARKETING_VERSION = 1.0;
				PRODUCT_BUNDLE_IDENTIFIER = "com.inutilis.LowRes-Galaxy";
				PRODUCT_NAME = "$(TARGET_NAME)";
				SWIFT_EMIT_LOC_STRINGS = YES;
			};
			name = Debug;
		};
		92B21A412B64044100B033E2 /* Release */ = {
			isa = XCBuildConfiguration;
			buildSettings = {
				ASSETCATALOG_COMPILER_APPICON_NAME = AppIcon;
				ASSETCATALOG_COMPILER_GLOBAL_ACCENT_COLOR_NAME = AccentColor;
				CODE_SIGN_ENTITLEMENTS = "LowRes Galaxy/LowRes_Galaxy.entitlements";
				CODE_SIGN_STYLE = Automatic;
				COMBINE_HIDPI_IMAGES = YES;
				CURRENT_PROJECT_VERSION = 1;
				DEVELOPMENT_TEAM = BZ4VC623NH;
				ENABLE_HARDENED_RUNTIME = YES;
				FRAMEWORK_SEARCH_PATHS = (
					"$(inherited)",
					"$(PROJECT_DIR)",
				);
				GENERATE_INFOPLIST_FILE = YES;
				INFOPLIST_KEY_NSHumanReadableCopyright = "";
				INFOPLIST_KEY_NSMainNibFile = MainMenu;
				INFOPLIST_KEY_NSPrincipalClass = NSApplication;
				LD_RUNPATH_SEARCH_PATHS = (
					"$(inherited)",
					"@executable_path/../Frameworks",
				);
				MARKETING_VERSION = 1.0;
				PRODUCT_BUNDLE_IDENTIFIER = "com.inutilis.LowRes-Galaxy";
				PRODUCT_NAME = "$(TARGET_NAME)";
				SWIFT_EMIT_LOC_STRINGS = YES;
			};
			name = Release;
		};
/* End XCBuildConfiguration section */

/* Begin XCConfigurationList section */
		92B21A2A2B64044000B033E2 /* Build configuration list for PBXProject "LowRes Galaxy" */ = {
			isa = XCConfigurationList;
			buildConfigurations = (
				92B21A3D2B64044100B033E2 /* Debug */,
				92B21A3E2B64044100B033E2 /* Release */,
			);
			defaultConfigurationIsVisible = 0;
			defaultConfigurationName = Release;
		};
		92B21A3F2B64044100B033E2 /* Build configuration list for PBXNativeTarget "LowRes Galaxy" */ = {
			isa = XCConfigurationList;
			buildConfigurations = (
				92B21A402B64044100B033E2 /* Debug */,
				92B21A412B64044100B033E2 /* Release */,
			);
			defaultConfigurationIsVisible = 0;
			defaultConfigurationName = Release;
		};
/* End XCConfigurationList section */
	};
	rootObject = 92B21A272B64044000B033E2 /* Project object */;
}
